// !$*UTF8*$!
{
	archiveVersion = 1;
	classes = {
	};
	objectVersion = 51;
	objects = {

/* Begin PBXBuildFile section */
		4EBEF821A96A3450A4415AB2 /* Pods_WaadsuMap.framework in Frameworks */ = {isa = PBXBuildFile; fileRef = 65B1DF4C824BE5BBAD093BC2 /* Pods_WaadsuMap.framework */; };
		58A903E526A4E42C00D880A2 /* AppDelegate.swift in Sources */ = {isa = PBXBuildFile; fileRef = 58A903E426A4E42C00D880A2 /* AppDelegate.swift */; };
		58A903E726A4E42C00D880A2 /* SceneDelegate.swift in Sources */ = {isa = PBXBuildFile; fileRef = 58A903E626A4E42C00D880A2 /* SceneDelegate.swift */; };
		58A903E926A4E42C00D880A2 /* MapViewController.swift in Sources */ = {isa = PBXBuildFile; fileRef = 58A903E826A4E42C00D880A2 /* MapViewController.swift */; };
		58A903EC26A4E42C00D880A2 /* Main.storyboard in Resources */ = {isa = PBXBuildFile; fileRef = 58A903EA26A4E42C00D880A2 /* Main.storyboard */; };
		58A903EE26A4E42D00D880A2 /* Assets.xcassets in Resources */ = {isa = PBXBuildFile; fileRef = 58A903ED26A4E42D00D880A2 /* Assets.xcassets */; };
		58A903F126A4E42D00D880A2 /* LaunchScreen.storyboard in Resources */ = {isa = PBXBuildFile; fileRef = 58A903EF26A4E42D00D880A2 /* LaunchScreen.storyboard */; };
		58A903F926A4E51B00D880A2 /* GeoJSONLoader.swift in Sources */ = {isa = PBXBuildFile; fileRef = 58A903F826A4E51B00D880A2 /* GeoJSONLoader.swift */; };
		58A903FB26A4E55100D880A2 /* NaiveGeoJSONParser.swift in Sources */ = {isa = PBXBuildFile; fileRef = 58A903FA26A4E55100D880A2 /* NaiveGeoJSONParser.swift */; };
		58A903FD26A4E5B800D880A2 /* GeoJSONModels.swift in Sources */ = {isa = PBXBuildFile; fileRef = 58A903FC26A4E5B800D880A2 /* GeoJSONModels.swift */; };
/* End PBXBuildFile section */

/* Begin PBXFileReference section */
		249512BE553988145A4ECEC4 /* Pods-WaadsuMap.release.xcconfig */ = {isa = PBXFileReference; includeInIndex = 1; lastKnownFileType = text.xcconfig; name = "Pods-WaadsuMap.release.xcconfig"; path = "Target Support Files/Pods-WaadsuMap/Pods-WaadsuMap.release.xcconfig"; sourceTree = "<group>"; };
		58A903E126A4E42C00D880A2 /* WaadsuMap.app */ = {isa = PBXFileReference; explicitFileType = wrapper.application; includeInIndex = 0; path = WaadsuMap.app; sourceTree = BUILT_PRODUCTS_DIR; };
		58A903E426A4E42C00D880A2 /* AppDelegate.swift */ = {isa = PBXFileReference; lastKnownFileType = sourcecode.swift; path = AppDelegate.swift; sourceTree = "<group>"; };
		58A903E626A4E42C00D880A2 /* SceneDelegate.swift */ = {isa = PBXFileReference; lastKnownFileType = sourcecode.swift; path = SceneDelegate.swift; sourceTree = "<group>"; };
		58A903E826A4E42C00D880A2 /* MapViewController.swift */ = {isa = PBXFileReference; lastKnownFileType = sourcecode.swift; path = MapViewController.swift; sourceTree = "<group>"; };
		58A903EB26A4E42C00D880A2 /* Base */ = {isa = PBXFileReference; lastKnownFileType = file.storyboard; name = Base; path = Base.lproj/Main.storyboard; sourceTree = "<group>"; };
		58A903ED26A4E42D00D880A2 /* Assets.xcassets */ = {isa = PBXFileReference; lastKnownFileType = folder.assetcatalog; path = Assets.xcassets; sourceTree = "<group>"; };
		58A903F026A4E42D00D880A2 /* Base */ = {isa = PBXFileReference; lastKnownFileType = file.storyboard; name = Base; path = Base.lproj/LaunchScreen.storyboard; sourceTree = "<group>"; };
		58A903F226A4E42D00D880A2 /* Info.plist */ = {isa = PBXFileReference; lastKnownFileType = text.plist.xml; path = Info.plist; sourceTree = "<group>"; };
		58A903F826A4E51B00D880A2 /* GeoJSONLoader.swift */ = {isa = PBXFileReference; lastKnownFileType = sourcecode.swift; path = GeoJSONLoader.swift; sourceTree = "<group>"; };
		58A903FA26A4E55100D880A2 /* NaiveGeoJSONParser.swift */ = {isa = PBXFileReference; lastKnownFileType = sourcecode.swift; path = NaiveGeoJSONParser.swift; sourceTree = "<group>"; };
		58A903FC26A4E5B800D880A2 /* GeoJSONModels.swift */ = {isa = PBXFileReference; lastKnownFileType = sourcecode.swift; path = GeoJSONModels.swift; sourceTree = "<group>"; };
		65B1DF4C824BE5BBAD093BC2 /* Pods_WaadsuMap.framework */ = {isa = PBXFileReference; explicitFileType = wrapper.framework; includeInIndex = 0; path = Pods_WaadsuMap.framework; sourceTree = BUILT_PRODUCTS_DIR; };
		AA88E8045A34673E67333445 /* Pods-WaadsuMap.debug.xcconfig */ = {isa = PBXFileReference; includeInIndex = 1; lastKnownFileType = text.xcconfig; name = "Pods-WaadsuMap.debug.xcconfig"; path = "Target Support Files/Pods-WaadsuMap/Pods-WaadsuMap.debug.xcconfig"; sourceTree = "<group>"; };
/* End PBXFileReference section */

/* Begin PBXFrameworksBuildPhase section */
		58A903DE26A4E42C00D880A2 /* Frameworks */ = {
			isa = PBXFrameworksBuildPhase;
			buildActionMask = 2147483647;
			files = (
				4EBEF821A96A3450A4415AB2 /* Pods_WaadsuMap.framework in Frameworks */,
			);
			runOnlyForDeploymentPostprocessing = 0;
		};
/* End PBXFrameworksBuildPhase section */

/* Begin PBXGroup section */
		58A903D826A4E42C00D880A2 = {
			isa = PBXGroup;
			children = (
				58A903E326A4E42C00D880A2 /* WaadsuMap */,
				58A903E226A4E42C00D880A2 /* Products */,
				CD3D87B25A2EA2C30AF82767 /* Pods */,
				977C072430AF738ABEDE5B65 /* Frameworks */,
			);
			sourceTree = "<group>";
		};
		58A903E226A4E42C00D880A2 /* Products */ = {
			isa = PBXGroup;
			children = (
				58A903E126A4E42C00D880A2 /* WaadsuMap.app */,
			);
			name = Products;
			sourceTree = "<group>";
		};
		58A903E326A4E42C00D880A2 /* WaadsuMap */ = {
			isa = PBXGroup;
			children = (
				58A903E426A4E42C00D880A2 /* AppDelegate.swift */,
				58A903E626A4E42C00D880A2 /* SceneDelegate.swift */,
				58A903E826A4E42C00D880A2 /* MapViewController.swift */,
				58A903F826A4E51B00D880A2 /* GeoJSONLoader.swift */,
				58A903FA26A4E55100D880A2 /* NaiveGeoJSONParser.swift */,
				58A903FC26A4E5B800D880A2 /* GeoJSONModels.swift */,
				58A903EA26A4E42C00D880A2 /* Main.storyboard */,
				58A903ED26A4E42D00D880A2 /* Assets.xcassets */,
				58A903EF26A4E42D00D880A2 /* LaunchScreen.storyboard */,
				58A903F226A4E42D00D880A2 /* Info.plist */,
			);
			path = WaadsuMap;
			sourceTree = "<group>";
		};
		977C072430AF738ABEDE5B65 /* Frameworks */ = {
			isa = PBXGroup;
			children = (
				65B1DF4C824BE5BBAD093BC2 /* Pods_WaadsuMap.framework */,
			);
			name = Frameworks;
			sourceTree = "<group>";
		};
		CD3D87B25A2EA2C30AF82767 /* Pods */ = {
			isa = PBXGroup;
			children = (
				AA88E8045A34673E67333445 /* Pods-WaadsuMap.debug.xcconfig */,
				249512BE553988145A4ECEC4 /* Pods-WaadsuMap.release.xcconfig */,
			);
			path = Pods;
			sourceTree = "<group>";
		};
/* End PBXGroup section */

/* Begin PBXNativeTarget section */
		58A903E026A4E42C00D880A2 /* WaadsuMap */ = {
			isa = PBXNativeTarget;
			buildConfigurationList = 58A903F526A4E42D00D880A2 /* Build configuration list for PBXNativeTarget "WaadsuMap" */;
			buildPhases = (
				0ED62E868D821FE22F35A8D1 /* [CP] Check Pods Manifest.lock */,
				58A903DD26A4E42C00D880A2 /* Sources */,
				58A903DE26A4E42C00D880A2 /* Frameworks */,
				58A903DF26A4E42C00D880A2 /* Resources */,
				C44DCD804A606AB4DF633327 /* [CP] Copy Pods Resources */,
			);
			buildRules = (
			);
			dependencies = (
			);
			name = WaadsuMap;
			productName = WaadsuMap;
			productReference = 58A903E126A4E42C00D880A2 /* WaadsuMap.app */;
			productType = "com.apple.product-type.application";
		};
/* End PBXNativeTarget section */

/* Begin PBXProject section */
		58A903D926A4E42C00D880A2 /* Project object */ = {
			isa = PBXProject;
			attributes = {
				LastSwiftUpdateCheck = 1250;
				LastUpgradeCheck = 1250;
				TargetAttributes = {
					58A903E026A4E42C00D880A2 = {
						CreatedOnToolsVersion = 12.5.1;
					};
				};
			};
			buildConfigurationList = 58A903DC26A4E42C00D880A2 /* Build configuration list for PBXProject "WaadsuMap" */;
			compatibilityVersion = "Xcode 9.3";
			developmentRegion = en;
			hasScannedForEncodings = 0;
			knownRegions = (
				en,
				Base,
			);
			mainGroup = 58A903D826A4E42C00D880A2;
			productRefGroup = 58A903E226A4E42C00D880A2 /* Products */;
			projectDirPath = "";
			projectRoot = "";
			targets = (
				58A903E026A4E42C00D880A2 /* WaadsuMap */,
			);
		};
/* End PBXProject section */

/* Begin PBXResourcesBuildPhase section */
		58A903DF26A4E42C00D880A2 /* Resources */ = {
			isa = PBXResourcesBuildPhase;
			buildActionMask = 2147483647;
			files = (
				58A903F126A4E42D00D880A2 /* LaunchScreen.storyboard in Resources */,
				58A903EE26A4E42D00D880A2 /* Assets.xcassets in Resources */,
				58A903EC26A4E42C00D880A2 /* Main.storyboard in Resources */,
			);
			runOnlyForDeploymentPostprocessing = 0;
		};
/* End PBXResourcesBuildPhase section */

/* Begin PBXShellScriptBuildPhase section */
		0ED62E868D821FE22F35A8D1 /* [CP] Check Pods Manifest.lock */ = {
			isa = PBXShellScriptBuildPhase;
			buildActionMask = 2147483647;
			files = (
			);
			inputFileListPaths = (
			);
			inputPaths = (
				"${PODS_PODFILE_DIR_PATH}/Podfile.lock",
				"${PODS_ROOT}/Manifest.lock",
			);
			name = "[CP] Check Pods Manifest.lock";
			outputFileListPaths = (
			);
			outputPaths = (
				"$(DERIVED_FILE_DIR)/Pods-WaadsuMap-checkManifestLockResult.txt",
			);
			runOnlyForDeploymentPostprocessing = 0;
			shellPath = /bin/sh;
			shellScript = "diff \"${PODS_PODFILE_DIR_PATH}/Podfile.lock\" \"${PODS_ROOT}/Manifest.lock\" > /dev/null\nif [ $? != 0 ] ; then\n    # print error to STDERR\n    echo \"error: The sandbox is not in sync with the Podfile.lock. Run 'pod install' or update your CocoaPods installation.\" >&2\n    exit 1\nfi\n# This output is used by Xcode 'outputs' to avoid re-running this script phase.\necho \"SUCCESS\" > \"${SCRIPT_OUTPUT_FILE_0}\"\n";
			showEnvVarsInLog = 0;
		};
		C44DCD804A606AB4DF633327 /* [CP] Copy Pods Resources */ = {
			isa = PBXShellScriptBuildPhase;
			buildActionMask = 2147483647;
			files = (
			);
			inputFileListPaths = (
				"${PODS_ROOT}/Target Support Files/Pods-WaadsuMap/Pods-WaadsuMap-resources-${CONFIGURATION}-input-files.xcfilelist",
			);
			name = "[CP] Copy Pods Resources";
			outputFileListPaths = (
				"${PODS_ROOT}/Target Support Files/Pods-WaadsuMap/Pods-WaadsuMap-resources-${CONFIGURATION}-output-files.xcfilelist",
			);
			runOnlyForDeploymentPostprocessing = 0;
			shellPath = /bin/sh;
			shellScript = "\"${PODS_ROOT}/Target Support Files/Pods-WaadsuMap/Pods-WaadsuMap-resources.sh\"\n";
			showEnvVarsInLog = 0;
		};
/* End PBXShellScriptBuildPhase section */

/* Begin PBXSourcesBuildPhase section */
		58A903DD26A4E42C00D880A2 /* Sources */ = {
			isa = PBXSourcesBuildPhase;
			buildActionMask = 2147483647;
			files = (
				58A903E926A4E42C00D880A2 /* MapViewController.swift in Sources */,
				58A903E526A4E42C00D880A2 /* AppDelegate.swift in Sources */,
				58A903FB26A4E55100D880A2 /* NaiveGeoJSONParser.swift in Sources */,
				58A903F926A4E51B00D880A2 /* GeoJSONLoader.swift in Sources */,
				58A903E726A4E42C00D880A2 /* SceneDelegate.swift in Sources */,
				58A903FD26A4E5B800D880A2 /* GeoJSONModels.swift in Sources */,
			);
			runOnlyForDeploymentPostprocessing = 0;
		};
/* End PBXSourcesBuildPhase section */

/* Begin PBXVariantGroup section */
		58A903EA26A4E42C00D880A2 /* Main.storyboard */ = {
			isa = PBXVariantGroup;
			children = (
				58A903EB26A4E42C00D880A2 /* Base */,
			);
			name = Main.storyboard;
			sourceTree = "<group>";
		};
		58A903EF26A4E42D00D880A2 /* LaunchScreen.storyboard */ = {
			isa = PBXVariantGroup;
			children = (
				58A903F026A4E42D00D880A2 /* Base */,
			);
			name = LaunchScreen.storyboard;
			sourceTree = "<group>";
		};
/* End PBXVariantGroup section */

/* Begin XCBuildConfiguration section */
		58A903F326A4E42D00D880A2 /* Debug */ = {
			isa = XCBuildConfiguration;
			buildSettings = {
				ALWAYS_SEARCH_USER_PATHS = NO;
				CLANG_ANALYZER_NONNULL = YES;
				CLANG_ANALYZER_NUMBER_OBJECT_CONVERSION = YES_AGGRESSIVE;
				CLANG_CXX_LANGUAGE_STANDARD = "gnu++14";
				CLANG_CXX_LIBRARY = "libc++";
				CLANG_ENABLE_MODULES = YES;
				CLANG_ENABLE_OBJC_ARC = YES;
				CLANG_ENABLE_OBJC_WEAK = YES;
				CLANG_WARN_BLOCK_CAPTURE_AUTORELEASING = YES;
				CLANG_WARN_BOOL_CONVERSION = YES;
				CLANG_WARN_COMMA = YES;
				CLANG_WARN_CONSTANT_CONVERSION = YES;
				CLANG_WARN_DEPRECATED_OBJC_IMPLEMENTATIONS = YES;
				CLANG_WARN_DIRECT_OBJC_ISA_USAGE = YES_ERROR;
				CLANG_WARN_DOCUMENTATION_COMMENTS = YES;
				CLANG_WARN_EMPTY_BODY = YES;
				CLANG_WARN_ENUM_CONVERSION = YES;
				CLANG_WARN_INFINITE_RECURSION = YES;
				CLANG_WARN_INT_CONVERSION = YES;
				CLANG_WARN_NON_LITERAL_NULL_CONVERSION = YES;
				CLANG_WARN_OBJC_IMPLICIT_RETAIN_SELF = YES;
				CLANG_WARN_OBJC_LITERAL_CONVERSION = YES;
				CLANG_WARN_OBJC_ROOT_CLASS = YES_ERROR;
				CLANG_WARN_QUOTED_INCLUDE_IN_FRAMEWORK_HEADER = YES;
				CLANG_WARN_RANGE_LOOP_ANALYSIS = YES;
				CLANG_WARN_STRICT_PROTOTYPES = YES;
				CLANG_WARN_SUSPICIOUS_MOVE = YES;
				CLANG_WARN_UNGUARDED_AVAILABILITY = YES_AGGRESSIVE;
				CLANG_WARN_UNREACHABLE_CODE = YES;
				CLANG_WARN__DUPLICATE_METHOD_MATCH = YES;
				COPY_PHASE_STRIP = NO;
				DEBUG_INFORMATION_FORMAT = dwarf;
				ENABLE_STRICT_OBJC_MSGSEND = YES;
				ENABLE_TESTABILITY = YES;
				GCC_C_LANGUAGE_STANDARD = gnu11;
				GCC_DYNAMIC_NO_PIC = NO;
				GCC_NO_COMMON_BLOCKS = YES;
				GCC_OPTIMIZATION_LEVEL = 0;
				GCC_PREPROCESSOR_DEFINITIONS = (
					"DEBUG=1",
					"$(inherited)",
				);
				GCC_WARN_64_TO_32_BIT_CONVERSION = YES;
				GCC_WARN_ABOUT_RETURN_TYPE = YES_ERROR;
				GCC_WARN_UNDECLARED_SELECTOR = YES;
				GCC_WARN_UNINITIALIZED_AUTOS = YES_AGGRESSIVE;
				GCC_WARN_UNUSED_FUNCTION = YES;
				GCC_WARN_UNUSED_VARIABLE = YES;
				IPHONEOS_DEPLOYMENT_TARGET = 14.5;
				MTL_ENABLE_DEBUG_INFO = INCLUDE_SOURCE;
				MTL_FAST_MATH = YES;
				ONLY_ACTIVE_ARCH = YES;
				SDKROOT = iphoneos;
				SWIFT_ACTIVE_COMPILATION_CONDITIONS = DEBUG;
				SWIFT_OPTIMIZATION_LEVEL = "-Onone";
			};
			name = Debug;
		};
		58A903F426A4E42D00D880A2 /* Release */ = {
			isa = XCBuildConfiguration;
			buildSettings = {
				ALWAYS_SEARCH_USER_PATHS = NO;
				CLANG_ANALYZER_NONNULL = YES;
				CLANG_ANALYZER_NUMBER_OBJECT_CONVERSION = YES_AGGRESSIVE;
				CLANG_CXX_LANGUAGE_STANDARD = "gnu++14";
				CLANG_CXX_LIBRARY = "libc++";
				CLANG_ENABLE_MODULES = YES;
				CLANG_ENABLE_OBJC_ARC = YES;
				CLANG_ENABLE_OBJC_WEAK = YES;
				CLANG_WARN_BLOCK_CAPTURE_AUTORELEASING = YES;
				CLANG_WARN_BOOL_CONVERSION = YES;
				CLANG_WARN_COMMA = YES;
				CLANG_WARN_CONSTANT_CONVERSION = YES;
				CLANG_WARN_DEPRECATED_OBJC_IMPLEMENTATIONS = YES;
				CLANG_WARN_DIRECT_OBJC_ISA_USAGE = YES_ERROR;
				CLANG_WARN_DOCUMENTATION_COMMENTS = YES;
				CLANG_WARN_EMPTY_BODY = YES;
				CLANG_WARN_ENUM_CONVERSION = YES;
				CLANG_WARN_INFINITE_RECURSION = YES;
				CLANG_WARN_INT_CONVERSION = YES;
				CLANG_WARN_NON_LITERAL_NULL_CONVERSION = YES;
				CLANG_WARN_OBJC_IMPLICIT_RETAIN_SELF = YES;
				CLANG_WARN_OBJC_LITERAL_CONVERSION = YES;
				CLANG_WARN_OBJC_ROOT_CLASS = YES_ERROR;
				CLANG_WARN_QUOTED_INCLUDE_IN_FRAMEWORK_HEADER = YES;
				CLANG_WARN_RANGE_LOOP_ANALYSIS = YES;
				CLANG_WARN_STRICT_PROTOTYPES = YES;
				CLANG_WARN_SUSPICIOUS_MOVE = YES;
				CLANG_WARN_UNGUARDED_AVAILABILITY = YES_AGGRESSIVE;
				CLANG_WARN_UNREACHABLE_CODE = YES;
				CLANG_WARN__DUPLICATE_METHOD_MATCH = YES;
				COPY_PHASE_STRIP = NO;
				DEBUG_INFORMATION_FORMAT = "dwarf-with-dsym";
				ENABLE_NS_ASSERTIONS = NO;
				ENABLE_STRICT_OBJC_MSGSEND = YES;
				GCC_C_LANGUAGE_STANDARD = gnu11;
				GCC_NO_COMMON_BLOCKS = YES;
				GCC_WARN_64_TO_32_BIT_CONVERSION = YES;
				GCC_WARN_ABOUT_RETURN_TYPE = YES_ERROR;
				GCC_WARN_UNDECLARED_SELECTOR = YES;
				GCC_WARN_UNINITIALIZED_AUTOS = YES_AGGRESSIVE;
				GCC_WARN_UNUSED_FUNCTION = YES;
				GCC_WARN_UNUSED_VARIABLE = YES;
				IPHONEOS_DEPLOYMENT_TARGET = 14.5;
				MTL_ENABLE_DEBUG_INFO = NO;
				MTL_FAST_MATH = YES;
				SDKROOT = iphoneos;
				SWIFT_COMPILATION_MODE = wholemodule;
				SWIFT_OPTIMIZATION_LEVEL = "-O";
				VALIDATE_PRODUCT = YES;
			};
			name = Release;
		};
		58A903F626A4E42D00D880A2 /* Debug */ = {
			isa = XCBuildConfiguration;
			baseConfigurationReference = AA88E8045A34673E67333445 /* Pods-WaadsuMap.debug.xcconfig */;
			buildSettings = {
				ASSETCATALOG_COMPILER_APPICON_NAME = AppIcon;
				ASSETCATALOG_COMPILER_GLOBAL_ACCENT_COLOR_NAME = AccentColor;
				CODE_SIGN_STYLE = Automatic;
				DEVELOPMENT_TEAM = UWMU7HAW4R;
				INFOPLIST_FILE = WaadsuMap/Info.plist;
				LD_RUNPATH_SEARCH_PATHS = (
					"$(inherited)",
					"@executable_path/Frameworks",
				);
				PRODUCT_BUNDLE_IDENTIFIER = zh.ayazbayeva.WaadsuMap;
				PRODUCT_NAME = "$(TARGET_NAME)";
				SWIFT_VERSION = 5.0;
				TARGETED_DEVICE_FAMILY = "1,2";
			};
			name = Debug;
		};
		58A903F726A4E42D00D880A2 /* Release */ = {
			isa = XCBuildConfiguration;
			baseConfigurationReference = 249512BE553988145A4ECEC4 /* Pods-WaadsuMap.release.xcconfig */;
			buildSettings = {
				ASSETCATALOG_COMPILER_APPICON_NAME = AppIcon;
				ASSETCATALOG_COMPILER_GLOBAL_ACCENT_COLOR_NAME = AccentColor;
				CODE_SIGN_STYLE = Automatic;
				DEVELOPMENT_TEAM = UWMU7HAW4R;
				INFOPLIST_FILE = WaadsuMap/Info.plist;
				LD_RUNPATH_SEARCH_PATHS = (
					"$(inherited)",
					"@executable_path/Frameworks",
				);
				PRODUCT_BUNDLE_IDENTIFIER = zh.ayazbayeva.WaadsuMap;
				PRODUCT_NAME = "$(TARGET_NAME)";
				SWIFT_VERSION = 5.0;
				TARGETED_DEVICE_FAMILY = "1,2";
			};
			name = Release;
		};
/* End XCBuildConfiguration section */

/* Begin XCConfigurationList section */
		58A903DC26A4E42C00D880A2 /* Build configuration list for PBXProject "WaadsuMap" */ = {
			isa = XCConfigurationList;
			buildConfigurations = (
				58A903F326A4E42D00D880A2 /* Debug */,
				58A903F426A4E42D00D880A2 /* Release */,
			);
			defaultConfigurationIsVisible = 0;
			defaultConfigurationName = Release;
		};
		58A903F526A4E42D00D880A2 /* Build configuration list for PBXNativeTarget "WaadsuMap" */ = {
			isa = XCConfigurationList;
			buildConfigurations = (
				58A903F626A4E42D00D880A2 /* Debug */,
				58A903F726A4E42D00D880A2 /* Release */,
			);
			defaultConfigurationIsVisible = 0;
			defaultConfigurationName = Release;
		};
/* End XCConfigurationList section */
	};
	rootObject = 58A903D926A4E42C00D880A2 /* Project object */;
}
